
Microsoft Visual Studio Solution File, Format Version 12.00
# Visual Studio Version 16
VisualStudioVersion = 16.0.29709.97
MinimumVisualStudioVersion = 10.0.40219.1
Project("{FAE04EC0-301F-11D3-BF4B-00C04F79EFBC}") = "Poligonos", "Poligonos\Poligonos.csproj", "{DD27D736-4E55-4F3C-B44A-5A77527AECEE}"
EndProject
Global
	GlobalSection(SolutionConfigurationPlatforms) = preSolution
		Debug|Any CPU = Debug|Any CPU
		Release|Any CPU = Release|Any CPU
	EndGlobalSection
	GlobalSection(ProjectConfigurationPlatforms) = postSolution
		{DD27D736-4E55-4F3C-B44A-5A77527AECEE}.Debug|Any CPU.ActiveCfg = Debug|Any CPU
		{DD27D736-4E55-4F3C-B44A-5A77527AECEE}.Debug|Any CPU.Build.0 = Debug|Any CPU
		{DD27D736-4E55-4F3C-B44A-5A77527AECEE}.Release|Any CPU.ActiveCfg = Release|Any CPU
		{DD27D736-4E55-4F3C-B44A-5A77527AECEE}.Release|Any CPU.Build.0 = Release|Any CPU
	EndGlobalSection
	GlobalSection(SolutionProperties) = preSolution
		HideSolutionNode = FALSE
	EndGlobalSection
	GlobalSection(ExtensibilityGlobals) = postSolution
		SolutionGuid = {F97E75F7-1DE1-4818-93A1-2C882755ADBD}
	EndGlobalSection
EndGlobal
